
Microsoft Visual Studio Solution File, Format Version 12.00
# Visual Studio Version 17
VisualStudioVersion = 17.13.35825.156 d17.13
MinimumVisualStudioVersion = 10.0.40219.1
Project("{FAE04EC0-301F-11D3-BF4B-00C04F79EFBC}") = "BookHaven Bookstore Management System", "BookHaven Bookstore Management System\BookHaven Bookstore Management System.csproj", "{BDE433B7-CEE4-4DA7-8CA8-BA70173B6327}"
EndProject
Global
	GlobalSection(SolutionConfigurationPlatforms) = preSolution
		Debug|Any CPU = Debug|Any CPU
		Release|Any CPU = Release|Any CPU
	EndGlobalSection
	GlobalSection(ProjectConfigurationPlatforms) = postSolution
		{BDE433B7-CEE4-4DA7-8CA8-BA70173B6327}.Debug|Any CPU.ActiveCfg = Debug|Any CPU
		{BDE433B7-CEE4-4DA7-8CA8-BA70173B6327}.Debug|Any CPU.Build.0 = Debug|Any CPU
		{BDE433B7-CEE4-4DA7-8CA8-BA70173B6327}.Release|Any CPU.ActiveCfg = Release|Any CPU
		{BDE433B7-CEE4-4DA7-8CA8-BA70173B6327}.Release|Any CPU.Build.0 = Release|Any CPU
	EndGlobalSection
	GlobalSection(SolutionProperties) = preSolution
		HideSolutionNode = FALSE
	EndGlobalSection
	GlobalSection(ExtensibilityGlobals) = postSolution
		SolutionGuid = {3E6C9945-CBBA-4A5B-A42B-8DA816998623}
	EndGlobalSection
EndGlobal
